
Microsoft Visual Studio Solution File, Format Version 12.00
# Visual Studio Version 17
VisualStudioVersion = 17.5.002.0
MinimumVisualStudioVersion = 10.0.40219.1
Project("{9A19103F-16F7-4668-BE54-9A1E7A4F7556}") = "app", "app\app.csproj", "{514785CB-7533-495C-92BB-F58103E3FA68}"
EndProject
Project("{9A19103F-16F7-4668-BE54-9A1E7A4F7556}") = "test", "test\test.csproj", "{A315E9DB-04F8-40BA-9DD9-60243BBE0DC8}"
EndProject
Global
	GlobalSection(SolutionConfigurationPlatforms) = preSolution
		Debug|Any CPU = Debug|Any CPU
		Release|Any CPU = Release|Any CPU
	EndGlobalSection
	GlobalSection(ProjectConfigurationPlatforms) = postSolution
		{514785CB-7533-495C-92BB-F58103E3FA68}.Debug|Any CPU.ActiveCfg = Debug|Any CPU
		{514785CB-7533-495C-92BB-F58103E3FA68}.Debug|Any CPU.Build.0 = Debug|Any CPU
		{514785CB-7533-495C-92BB-F58103E3FA68}.Release|Any CPU.ActiveCfg = Release|Any CPU
		{514785CB-7533-495C-92BB-F58103E3FA68}.Release|Any CPU.Build.0 = Release|Any CPU
		{A315E9DB-04F8-40BA-9DD9-60243BBE0DC8}.Debug|Any CPU.ActiveCfg = Debug|Any CPU
		{A315E9DB-04F8-40BA-9DD9-60243BBE0DC8}.Debug|Any CPU.Build.0 = Debug|Any CPU
		{A315E9DB-04F8-40BA-9DD9-60243BBE0DC8}.Release|Any CPU.ActiveCfg = Release|Any CPU
		{A315E9DB-04F8-40BA-9DD9-60243BBE0DC8}.Release|Any CPU.Build.0 = Release|Any CPU
	EndGlobalSection
	GlobalSection(SolutionProperties) = preSolution
		HideSolutionNode = FALSE
	EndGlobalSection
	GlobalSection(ExtensibilityGlobals) = postSolution
		SolutionGuid = {F123F264-C6FA-4E53-A73C-B5011EB24283}
	EndGlobalSection
EndGlobal
